<?xml version="1.0" encoding="utf-8"?>
<Project ToolsVersion="4.0" xmlns="http://schemas.microsoft.com/developer/msbuild/2003">
  <ItemGroup>
    <Filter Include="Source Files">
      <UniqueIdentifier>{4FC737F1-C7A5-4376-A066-2A32D752A2FF}</UniqueIdentifier>
      <Extensions>cpp;c;cc;cxx;def;odl;idl;hpj;bat;asm;asmx</Extensions>
    </Filter>
    <Filter Include="Header Files">
      <UniqueIdentifier>{93995380-89BD-4b04-88EB-625FBE52EBFB}</UniqueIdentifier>
      <Extensions>h;hh;hpp;hxx;hm;inl;inc;ipp;xsd</Extensions>
    </Filter>
    <Filter Include="Resource Files">
      <UniqueIdentifier>{67DA6AB6-F800-4c08-8B7A-83BB121AAD01}</UniqueIdentifier>
      <Extensions>rc;ico;cur;bmp;dlg;rc2;rct;bin;rgs;gif;jpg;jpeg;jpe;resx;tiff;tif;png;wav;mfcribbon-ms</Extensions>
    </Filter>
  </ItemGroup>
  <ItemGroup>
    <Image Include="Textures\Arrow.png">
      <Filter>Resource Files</Filter>
    </Image>
    <Image Include="Textures\Circle.png">
      <Filter>Resource Files</Filter>
    </Image>
    <Image Include="Textures\DevFluid128.png">
      <Filter>Resource Files</Filter>
    </Image>
    <Image Include="Textures\DevGray128.png">
      <Filter>Resource Files</Filter>
    </Image>
    <Image Include="Textures\DevGrayCircleCross128.png">
      <Filter>Resource Files</Filter>
    </Image>
    <Image Include="Textures\DevGrayCross128.png">
      <Filter>Resource Files</Filter>
    </Image>
    <Image Include="Textures\DevGraySlant128.png">
      <Filter>Resource Files</Filter>
    </Image>
    <Image Include="Textures\Door128.png">
      <Filter>Resource Files</Filter>
    </Image>
    <Image Include="Textures\Square.png">
      <Filter>Resource Files</Filter>
    </Image>
    <Image Include="Textures\Test.png">
      <Filter>Resource Files</Filter>
    </Image>
    <Image Include="Textures\Thrown.png">
      <Filter>Resource Files</Filter>
    </Image>
    <Image Include="Textures\Ring.png">
      <Filter>Resource Files</Filter>
    </Image>
  </ItemGroup>
  <ItemGroup>
    <None Include="Shaders\Sprite.frag" />
    <None Include="Shaders\Sprite.geom" />
    <None Include="Shaders\Sprite.vert" />
    <None Include="Shaders\Wire.frag" />
    <None Include="Shaders\Wire.vert" />
    <None Include="Fonts\desktop.ini" />
    <None Include="Arenas\test.area" />
    <None Include="Arenas\Trapped.area" />
    <None Include="Arenas\Drednaught.area" />
    <None Include="Arenas\pushnpull.area" />
    <None Include="Arenas\smallskermish.area" />
  </ItemGroup>
  <ItemGroup>
    <ClCompile Include="src\main.cpp">
      <Filter>Source Files</Filter>
    </ClCompile>
    <ClCompile Include="src\scenes\GameWorld.cpp">
      <Filter>Source Files</Filter>
    </ClCompile>
    <ClCompile Include="src\actors\Player.cpp">
      <Filter>Source Files</Filter>
    </ClCompile>
    <ClCompile Include="src\actors\Mouse.cpp">
      <Filter>Source Files</Filter>
    </ClCompile>
    <ClCompile Include="src\actors\TextBlock.cpp">
      <Filter>Source Files</Filter>
    </ClCompile>
    <ClCompile Include="src\Arena.cpp">
      <Filter>Source Files</Filter>
    </ClCompile>
    <ClCompile Include="src\actors\Gun.cpp">
      <Filter>Source Files</Filter>
    </ClCompile>
  </ItemGroup>
  <ItemGroup>
    <ClInclude Include="src\scenes\GameWorld.h">
      <Filter>Header Files</Filter>
    </ClInclude>
    <ClInclude Include="src\actors\Player.h">
      <Filter>Header Files</Filter>
    </ClInclude>
    <ClInclude Include="src\Constants.h">
      <Filter>Header Files</Filter>
    </ClInclude>
    <ClInclude Include="src\Body.h">
      <Filter>Header Files</Filter>
    </ClInclude>
    <ClInclude Include="src\actors\Mouse.h">
      <Filter>Header Files</Filter>
    </ClInclude>
    <ClInclude Include="src\Intellect.h">
      <Filter>Header Files</Filter>
    </ClInclude>
    <ClInclude Include="src\Image.h">
      <Filter>Header Files</Filter>
    </ClInclude>
    <ClInclude Include="src\actors\TextBlock.h">
      <Filter>Header Files</Filter>
    </ClInclude>
    <ClInclude Include="src\Arena.h">
      <Filter>Header Files</Filter>
    </ClInclude>
    <ClInclude Include="src\actors\Gun.h">
      <Filter>Header Files</Filter>
    </ClInclude>
  </ItemGroup>
  <ItemGroup>
    <Font Include="Fonts\bloodcrow.ttf" />
    <Font Include="Fonts\bloody.ttf" />
    <Font Include="Fonts\calibri.ttf" />
    <Font Include="Fonts\consola.ttf" />
    <Font Include="Fonts\eldermagic.ttf" />
  </ItemGroup>
</Project>