
Microsoft Visual Studio Solution File, Format Version 12.00
# Visual Studio 15
VisualStudioVersion = 15.0.26730.16
MinimumVisualStudioVersion = 10.0.40219.1
Project("{8BC9CEB8-8B4A-11D0-8D11-00A0C91BC942}") = "BloodMage", "BloodMage\BloodMage.vcxproj", "{2C965632-5B9E-4BD7-9433-5D4D721E2F90}"
	ProjectSection(ProjectDependencies) = postProject
		{3524243C-5261-4C55-BB04-22C23F473846} = {3524243C-5261-4C55-BB04-22C23F473846}
	EndProjectSection
EndProject
Project("{8BC9CEB8-8B4A-11D0-8D11-00A0C91BC942}") = "Futhark", "Futhark\Futhark.vcxproj", "{3524243C-5261-4C55-BB04-22C23F473846}"
EndProject
Project("{2150E333-8FDC-42A3-9474-1A3956D46DE8}") = "Deps", "Deps", "{4F3310AB-902C-4886-9313-D10937D5491E}"
EndProject
Project("{2150E333-8FDC-42A3-9474-1A3956D46DE8}") = "Solution Items", "Solution Items", "{897F38EF-9C47-4090-A61C-48E1EA940466}"
	ProjectSection(SolutionItems) = preProject
		deps\lib\x64\release\Box2D.lib = deps\lib\x64\release\Box2D.lib
		deps\lib\Win32\debug\Box2D.lib = deps\lib\Win32\debug\Box2D.lib
		deps\lib\Win32\release\Box2D.lib = deps\lib\Win32\release\Box2D.lib
		deps\lib\x64\debug\Box2D.lib = deps\lib\x64\debug\Box2D.lib
		deps\lib\Win32\glew32s.lib = deps\lib\Win32\glew32s.lib
		deps\lib\x64\glew32s.lib = deps\lib\x64\glew32s.lib
		deps\lib\x64\libfreetype-6.dll = deps\lib\x64\libfreetype-6.dll
		deps\lib\Win32\libfreetype-6.dll = deps\lib\Win32\libfreetype-6.dll
		deps\lib\x64\LICENSE.freetype.txt = deps\lib\x64\LICENSE.freetype.txt
		deps\lib\Win32\LICENSE.freetype.txt = deps\lib\Win32\LICENSE.freetype.txt
		deps\lib\x64\LICENSE.zlib.txt = deps\lib\x64\LICENSE.zlib.txt
		deps\lib\Win32\LICENSE.zlib.txt = deps\lib\Win32\LICENSE.zlib.txt
		deps\lib\Win32\SDL2.dll = deps\lib\Win32\SDL2.dll
		deps\lib\x64\SDL2.dll = deps\lib\x64\SDL2.dll
		deps\lib\Win32\SDL2.lib = deps\lib\Win32\SDL2.lib
		deps\lib\x64\SDL2.lib = deps\lib\x64\SDL2.lib
		deps\lib\x64\SDL2_ttf.dll = deps\lib\x64\SDL2_ttf.dll
		deps\lib\Win32\SDL2_ttf.dll = deps\lib\Win32\SDL2_ttf.dll
		deps\lib\x64\SDL2_ttf.lib = deps\lib\x64\SDL2_ttf.lib
		deps\lib\Win32\SDL2_ttf.lib = deps\lib\Win32\SDL2_ttf.lib
		deps\lib\Win32\SDL2main.lib = deps\lib\Win32\SDL2main.lib
		deps\lib\x64\SDL2main.lib = deps\lib\x64\SDL2main.lib
		deps\lib\x64\zlib1.dll = deps\lib\x64\zlib1.dll
	EndProjectSection
EndProject
Project("{8BC9CEB8-8B4A-11D0-8D11-00A0C91BC942}") = "Biomech", "Biomech\Biomech.vcxproj", "{15862190-8055-4F03-B1EB-96FC39443347}"
	ProjectSection(ProjectDependencies) = postProject
		{3524243C-5261-4C55-BB04-22C23F473846} = {3524243C-5261-4C55-BB04-22C23F473846}
	EndProjectSection
EndProject
Global
	GlobalSection(SolutionConfigurationPlatforms) = preSolution
		Debug|x64 = Debug|x64
		Debug|x86 = Debug|x86
		Release|x64 = Release|x64
		Release|x86 = Release|x86
	EndGlobalSection
	GlobalSection(ProjectConfigurationPlatforms) = postSolution
		{2C965632-5B9E-4BD7-9433-5D4D721E2F90}.Debug|x64.ActiveCfg = Debug|x64
		{2C965632-5B9E-4BD7-9433-5D4D721E2F90}.Debug|x64.Build.0 = Debug|x64
		{2C965632-5B9E-4BD7-9433-5D4D721E2F90}.Debug|x86.ActiveCfg = Debug|Win32
		{2C965632-5B9E-4BD7-9433-5D4D721E2F90}.Debug|x86.Build.0 = Debug|Win32
		{2C965632-5B9E-4BD7-9433-5D4D721E2F90}.Release|x64.ActiveCfg = Release|x64
		{2C965632-5B9E-4BD7-9433-5D4D721E2F90}.Release|x64.Build.0 = Release|x64
		{2C965632-5B9E-4BD7-9433-5D4D721E2F90}.Release|x86.ActiveCfg = Release|Win32
		{2C965632-5B9E-4BD7-9433-5D4D721E2F90}.Release|x86.Build.0 = Release|Win32
		{3524243C-5261-4C55-BB04-22C23F473846}.Debug|x64.ActiveCfg = Debug|x64
		{3524243C-5261-4C55-BB04-22C23F473846}.Debug|x64.Build.0 = Debug|x64
		{3524243C-5261-4C55-BB04-22C23F473846}.Debug|x86.ActiveCfg = Debug|Win32
		{3524243C-5261-4C55-BB04-22C23F473846}.Debug|x86.Build.0 = Debug|Win32
		{3524243C-5261-4C55-BB04-22C23F473846}.Release|x64.ActiveCfg = Release|x64
		{3524243C-5261-4C55-BB04-22C23F473846}.Release|x64.Build.0 = Release|x64
		{3524243C-5261-4C55-BB04-22C23F473846}.Release|x86.ActiveCfg = Release|Win32
		{3524243C-5261-4C55-BB04-22C23F473846}.Release|x86.Build.0 = Release|Win32
		{15862190-8055-4F03-B1EB-96FC39443347}.Debug|x64.ActiveCfg = Debug|x64
		{15862190-8055-4F03-B1EB-96FC39443347}.Debug|x64.Build.0 = Debug|x64
		{15862190-8055-4F03-B1EB-96FC39443347}.Debug|x86.ActiveCfg = Debug|Win32
		{15862190-8055-4F03-B1EB-96FC39443347}.Debug|x86.Build.0 = Debug|Win32
		{15862190-8055-4F03-B1EB-96FC39443347}.Release|x64.ActiveCfg = Release|x64
		{15862190-8055-4F03-B1EB-96FC39443347}.Release|x64.Build.0 = Release|x64
		{15862190-8055-4F03-B1EB-96FC39443347}.Release|x86.ActiveCfg = Release|Win32
		{15862190-8055-4F03-B1EB-96FC39443347}.Release|x86.Build.0 = Release|Win32
	EndGlobalSection
	GlobalSection(SolutionProperties) = preSolution
		HideSolutionNode = FALSE
	EndGlobalSection
	GlobalSection(ExtensibilityGlobals) = postSolution
		SolutionGuid = {B9820015-912C-493E-B7D3-7FE8E213F8BA}
	EndGlobalSection
EndGlobal
