<?xml version="1.0" encoding="utf-8"?>
<Project ToolsVersion="4.0" xmlns="http://schemas.microsoft.com/developer/msbuild/2003">
  <ItemGroup>
    <Filter Include="Source Files">
      <UniqueIdentifier>{4FC737F1-C7A5-4376-A066-2A32D752A2FF}</UniqueIdentifier>
      <Extensions>cpp;c;cc;cxx;def;odl;idl;hpj;bat;asm;asmx</Extensions>
    </Filter>
    <Filter Include="Header Files">
      <UniqueIdentifier>{93995380-89BD-4b04-88EB-625FBE52EBFB}</UniqueIdentifier>
      <Extensions>h;hh;hpp;hxx;hm;inl;inc;ipp;xsd</Extensions>
    </Filter>
    <Filter Include="Resource Files">
      <UniqueIdentifier>{67DA6AB6-F800-4c08-8B7A-83BB121AAD01}</UniqueIdentifier>
      <Extensions>rc;ico;cur;bmp;dlg;rc2;rct;bin;rgs;gif;jpg;jpeg;jpe;resx;tiff;tif;png;wav;mfcribbon-ms</Extensions>
    </Filter>
  </ItemGroup>
  <ItemGroup>
    <None Include="Shaders\Sprite.frag" />
    <None Include="Shaders\Sprite.geom" />
    <None Include="Shaders\Sprite.vert" />
    <None Include="Shaders\Wire.frag" />
    <None Include="Shaders\Wire.vert" />
    <None Include="Fonts\desktop.ini" />
  </ItemGroup>
  <ItemGroup>
    <ClCompile Include="src\main.cpp">
      <Filter>Source Files</Filter>
    </ClCompile>
    <ClCompile Include="src\scenes\GameWorld.cpp">
      <Filter>Source Files</Filter>
    </ClCompile>
    <ClCompile Include="src\actors\Player.cpp">
      <Filter>Source Files</Filter>
    </ClCompile>
    <ClCompile Include="src\actors\Boid.cpp">
      <Filter>Source Files</Filter>
    </ClCompile>
    <ClCompile Include="src\actors\Bot.cpp">
      <Filter>Source Files</Filter>
    </ClCompile>
    <ClCompile Include="src\actors\Dummy.cpp">
      <Filter>Source Files</Filter>
    </ClCompile>
    <ClCompile Include="src\Spectrals\Equipment.cpp">
      <Filter>Source Files</Filter>
    </ClCompile>
    <ClCompile Include="src\actors\Mouse.cpp">
      <Filter>Source Files</Filter>
    </ClCompile>
    <ClCompile Include="src\actors\Projectile.cpp">
      <Filter>Source Files</Filter>
    </ClCompile>
    <ClCompile Include="src\spectrals\Weapon.cpp">
      <Filter>Source Files</Filter>
    </ClCompile>
  </ItemGroup>
  <ItemGroup>
    <ClInclude Include="src\scenes\GameWorld.h">
      <Filter>Header Files</Filter>
    </ClInclude>
    <ClInclude Include="src\actors\Player.h">
      <Filter>Header Files</Filter>
    </ClInclude>
    <ClInclude Include="src\actors\Boid.h">
      <Filter>Header Files</Filter>
    </ClInclude>
    <ClInclude Include="src\actors\Bot.h">
      <Filter>Header Files</Filter>
    </ClInclude>
    <ClInclude Include="src\actors\Dummy.h">
      <Filter>Header Files</Filter>
    </ClInclude>
    <ClInclude Include="src\Constants.h">
      <Filter>Header Files</Filter>
    </ClInclude>
    <ClInclude Include="src\Body.h">
      <Filter>Header Files</Filter>
    </ClInclude>
    <ClInclude Include="src\Spectrals\Equipment.h">
      <Filter>Header Files</Filter>
    </ClInclude>
    <ClInclude Include="src\actors\Mouse.h">
      <Filter>Header Files</Filter>
    </ClInclude>
    <ClInclude Include="src\Intellect.h">
      <Filter>Header Files</Filter>
    </ClInclude>
    <ClInclude Include="src\Image.h">
      <Filter>Header Files</Filter>
    </ClInclude>
    <ClInclude Include="src\actors\Projectile.h">
      <Filter>Header Files</Filter>
    </ClInclude>
    <ClInclude Include="src\spectrals\Weapon.h">
      <Filter>Header Files</Filter>
    </ClInclude>
  </ItemGroup>
  <ItemGroup>
    <Font Include="Fonts\bloodcrow.ttf" />
    <Font Include="Fonts\bloody.ttf" />
    <Font Include="Fonts\calibri.ttf" />
    <Font Include="Fonts\consola.ttf" />
    <Font Include="Fonts\eldermagic.ttf" />
  </ItemGroup>
  <ItemGroup>
    <Image Include="Textures\button64.png">
      <Filter>Resource Files</Filter>
    </Image>
    <Image Include="Textures\circle128.png">
      <Filter>Resource Files</Filter>
    </Image>
    <Image Include="Textures\cross128.png">
      <Filter>Resource Files</Filter>
    </Image>
    <Image Include="Textures\dev64.png">
      <Filter>Resource Files</Filter>
    </Image>
    <Image Include="Textures\dev64x128.png">
      <Filter>Resource Files</Filter>
    </Image>
    <Image Include="Textures\dev128.png">
      <Filter>Resource Files</Filter>
    </Image>
    <Image Include="Textures\dev128x64.png">
      <Filter>Resource Files</Filter>
    </Image>
    <Image Include="Textures\dev128x256.png">
      <Filter>Resource Files</Filter>
    </Image>
    <Image Include="Textures\dev256.png">
      <Filter>Resource Files</Filter>
    </Image>
    <Image Include="Textures\dev256x128.png">
      <Filter>Resource Files</Filter>
    </Image>
    <Image Include="Textures\question64.png">
      <Filter>Resource Files</Filter>
    </Image>
    <Image Include="Textures\slant128.png">
      <Filter>Resource Files</Filter>
    </Image>
    <Image Include="Textures\square128.png">
      <Filter>Resource Files</Filter>
    </Image>
  </ItemGroup>
</Project>